// !$*UTF8*$!
{
	archiveVersion = 1;
	classes = {
	};
	objectVersion = 46;
	objects = {

/* Begin PBXBuildFile section */
		7A9F89711AAB130B0095A439 /* main.m in Sources */ = {isa = PBXBuildFile; fileRef = 7A9F89701AAB130B0095A439 /* main.m */; };
		7A9F897D1AAB130B0095A439 /* Main.storyboard in Resources */ = {isa = PBXBuildFile; fileRef = 7A9F897B1AAB130B0095A439 /* Main.storyboard */; };
		7A9F897F1AAB130C0095A439 /* Images.xcassets in Resources */ = {isa = PBXBuildFile; fileRef = 7A9F897E1AAB130C0095A439 /* Images.xcassets */; };
		7A9F89821AAB130C0095A439 /* LaunchScreen.xib in Resources */ = {isa = PBXBuildFile; fileRef = 7A9F89801AAB130C0095A439 /* LaunchScreen.xib */; };
		7A9F898E1AAB130C0095A439 /* learnHutTests.m in Sources */ = {isa = PBXBuildFile; fileRef = 7A9F898D1AAB130C0095A439 /* learnHutTests.m */; };
		7A9F89A91AAB14020095A439 /* Podfile in Resources */ = {isa = PBXBuildFile; fileRef = 7A9F89A81AAB14020095A439 /* Podfile */; };
		7A9F89B31AAB14590095A439 /* AppDelegate.m in Sources */ = {isa = PBXBuildFile; fileRef = 7A9F89AB1AAB14590095A439 /* AppDelegate.m */; };
		7A9F89B41AAB14590095A439 /* loginViewController.m in Sources */ = {isa = PBXBuildFile; fileRef = 7A9F89AD1AAB14590095A439 /* loginViewController.m */; };
		7A9F89B51AAB14590095A439 /* profileViewController.m in Sources */ = {isa = PBXBuildFile; fileRef = 7A9F89AF1AAB14590095A439 /* profileViewController.m */; };
		7A9F89B61AAB14590095A439 /* s.png in Resources */ = {isa = PBXBuildFile; fileRef = 7A9F89B01AAB14590095A439 /* s.png */; };
		7A9F89B71AAB14590095A439 /* signUpViewController.m in Sources */ = {isa = PBXBuildFile; fileRef = 7A9F89B21AAB14590095A439 /* signUpViewController.m */; };
		7A9F89BB1AAB147E0095A439 /* Parse.framework in Frameworks */ = {isa = PBXBuildFile; fileRef = 7A9F89B91AAB147E0095A439 /* Parse.framework */; };
		7A9F89BD1AAB14840095A439 /* ParseFacebookUtils.framework in Frameworks */ = {isa = PBXBuildFile; fileRef = 7A9F89BC1AAB14840095A439 /* ParseFacebookUtils.framework */; };
		7A9F89BF1AAB149A0095A439 /* FacebookSDK.framework in Frameworks */ = {isa = PBXBuildFile; fileRef = 7A9F89BE1AAB149A0095A439 /* FacebookSDK.framework */; };
		7A9F89CE1AAB18A90095A439 /* Accounts.framework in Frameworks */ = {isa = PBXBuildFile; fileRef = 7A9F89C01AAB18A90095A439 /* Accounts.framework */; };
		7A9F89CF1AAB18A90095A439 /* AudioToolbox.framework in Frameworks */ = {isa = PBXBuildFile; fileRef = 7A9F89C11AAB18A90095A439 /* AudioToolbox.framework */; };
		7A9F89D01AAB18A90095A439 /* CFNetwork.framework in Frameworks */ = {isa = PBXBuildFile; fileRef = 7A9F89C21AAB18A90095A439 /* CFNetwork.framework */; };
		7A9F89D11AAB18A90095A439 /* CoreGraphics.framework in Frameworks */ = {isa = PBXBuildFile; fileRef = 7A9F89C31AAB18A90095A439 /* CoreGraphics.framework */; };
		7A9F89D21AAB18A90095A439 /* CoreLocation.framework in Frameworks */ = {isa = PBXBuildFile; fileRef = 7A9F89C41AAB18A90095A439 /* CoreLocation.framework */; };
		7A9F89D31AAB18A90095A439 /* libsqlite3.dylib in Frameworks */ = {isa = PBXBuildFile; fileRef = 7A9F89C51AAB18A90095A439 /* libsqlite3.dylib */; };
		7A9F89D41AAB18A90095A439 /* libstdc++.6.dylib in Frameworks */ = {isa = PBXBuildFile; fileRef = 7A9F89C61AAB18A90095A439 /* libstdc++.6.dylib */; };
		7A9F89D51AAB18A90095A439 /* libz.dylib in Frameworks */ = {isa = PBXBuildFile; fileRef = 7A9F89C71AAB18A90095A439 /* libz.dylib */; };
		7A9F89D61AAB18A90095A439 /* MobileCoreServices.framework in Frameworks */ = {isa = PBXBuildFile; fileRef = 7A9F89C81AAB18A90095A439 /* MobileCoreServices.framework */; };
		7A9F89D71AAB18A90095A439 /* QuartzCore.framework in Frameworks */ = {isa = PBXBuildFile; fileRef = 7A9F89C91AAB18A90095A439 /* QuartzCore.framework */; };
		7A9F89D81AAB18A90095A439 /* Security.framework in Frameworks */ = {isa = PBXBuildFile; fileRef = 7A9F89CA1AAB18A90095A439 /* Security.framework */; };
		7A9F89D91AAB18A90095A439 /* Social.framework in Frameworks */ = {isa = PBXBuildFile; fileRef = 7A9F89CB1AAB18A90095A439 /* Social.framework */; };
		7A9F89DA1AAB18A90095A439 /* StoreKit.framework in Frameworks */ = {isa = PBXBuildFile; fileRef = 7A9F89CC1AAB18A90095A439 /* StoreKit.framework */; };
		7A9F89DB1AAB18A90095A439 /* SystemConfiguration.framework in Frameworks */ = {isa = PBXBuildFile; fileRef = 7A9F89CD1AAB18A90095A439 /* SystemConfiguration.framework */; };
		7A9F89E11AAB196A0095A439 /* feedsViewController.m in Sources */ = {isa = PBXBuildFile; fileRef = 7A9F89E01AAB196A0095A439 /* feedsViewController.m */; };
		8B7C8FFC3CA9B5687F17C21F /* libPods.a in Frameworks */ = {isa = PBXBuildFile; fileRef = FD5A8202B7F5114CEEF8F68A /* libPods.a */; };
/* End PBXBuildFile section */

/* Begin PBXContainerItemProxy section */
		7A9F89881AAB130C0095A439 /* PBXContainerItemProxy */ = {
			isa = PBXContainerItemProxy;
			containerPortal = 7A9F89631AAB130B0095A439 /* Project object */;
			proxyType = 1;
			remoteGlobalIDString = 7A9F896A1AAB130B0095A439;
			remoteInfo = learnHut;
		};
/* End PBXContainerItemProxy section */

/* Begin PBXFileReference section */
		6168EBBB47FD70C6E60DC6C9 /* Pods.debug.xcconfig */ = {isa = PBXFileReference; includeInIndex = 1; lastKnownFileType = text.xcconfig; name = Pods.debug.xcconfig; path = "Pods/Target Support Files/Pods/Pods.debug.xcconfig"; sourceTree = "<group>"; };
		7A9F896B1AAB130B0095A439 /* learnHut.app */ = {isa = PBXFileReference; explicitFileType = wrapper.application; includeInIndex = 0; path = learnHut.app; sourceTree = BUILT_PRODUCTS_DIR; };
		7A9F896F1AAB130B0095A439 /* Info.plist */ = {isa = PBXFileReference; lastKnownFileType = text.plist.xml; path = Info.plist; sourceTree = "<group>"; };
		7A9F89701AAB130B0095A439 /* main.m */ = {isa = PBXFileReference; lastKnownFileType = sourcecode.c.objc; path = main.m; sourceTree = "<group>"; };
		7A9F897C1AAB130B0095A439 /* Base */ = {isa = PBXFileReference; lastKnownFileType = file.storyboard; name = Base; path = Base.lproj/Main.storyboard; sourceTree = "<group>"; };
		7A9F897E1AAB130C0095A439 /* Images.xcassets */ = {isa = PBXFileReference; lastKnownFileType = folder.assetcatalog; path = Images.xcassets; sourceTree = "<group>"; };
		7A9F89811AAB130C0095A439 /* Base */ = {isa = PBXFileReference; lastKnownFileType = file.xib; name = Base; path = Base.lproj/LaunchScreen.xib; sourceTree = "<group>"; };
		7A9F89871AAB130C0095A439 /* learnHutTests.xctest */ = {isa = PBXFileReference; explicitFileType = wrapper.cfbundle; includeInIndex = 0; path = learnHutTests.xctest; sourceTree = BUILT_PRODUCTS_DIR; };
		7A9F898C1AAB130C0095A439 /* Info.plist */ = {isa = PBXFileReference; lastKnownFileType = text.plist.xml; path = Info.plist; sourceTree = "<group>"; };
		7A9F898D1AAB130C0095A439 /* learnHutTests.m */ = {isa = PBXFileReference; lastKnownFileType = sourcecode.c.objc; path = learnHutTests.m; sourceTree = "<group>"; };
		7A9F89A81AAB14020095A439 /* Podfile */ = {isa = PBXFileReference; fileEncoding = 4; lastKnownFileType = text; path = Podfile; sourceTree = "<group>"; };
		7A9F89AA1AAB14460095A439 /* AppDelegate.h */ = {isa = PBXFileReference; fileEncoding = 4; lastKnownFileType = sourcecode.c.h; path = AppDelegate.h; sourceTree = "<group>"; };
		7A9F89AB1AAB14590095A439 /* AppDelegate.m */ = {isa = PBXFileReference; fileEncoding = 4; lastKnownFileType = sourcecode.c.objc; path = AppDelegate.m; sourceTree = "<group>"; };
		7A9F89AC1AAB14590095A439 /* loginViewController.h */ = {isa = PBXFileReference; fileEncoding = 4; lastKnownFileType = sourcecode.c.h; path = loginViewController.h; sourceTree = "<group>"; };
		7A9F89AD1AAB14590095A439 /* loginViewController.m */ = {isa = PBXFileReference; fileEncoding = 4; lastKnownFileType = sourcecode.c.objc; path = loginViewController.m; sourceTree = "<group>"; };
		7A9F89AE1AAB14590095A439 /* profileViewController.h */ = {isa = PBXFileReference; fileEncoding = 4; lastKnownFileType = sourcecode.c.h; path = profileViewController.h; sourceTree = "<group>"; };
		7A9F89AF1AAB14590095A439 /* profileViewController.m */ = {isa = PBXFileReference; fileEncoding = 4; lastKnownFileType = sourcecode.c.objc; path = profileViewController.m; sourceTree = "<group>"; };
		7A9F89B01AAB14590095A439 /* s.png */ = {isa = PBXFileReference; lastKnownFileType = image.png; path = s.png; sourceTree = "<group>"; };
		7A9F89B11AAB14590095A439 /* signUpViewController.h */ = {isa = PBXFileReference; fileEncoding = 4; lastKnownFileType = sourcecode.c.h; path = signUpViewController.h; sourceTree = "<group>"; };
		7A9F89B21AAB14590095A439 /* signUpViewController.m */ = {isa = PBXFileReference; fileEncoding = 4; lastKnownFileType = sourcecode.c.objc; path = signUpViewController.m; sourceTree = "<group>"; };
		7A9F89B91AAB147E0095A439 /* Parse.framework */ = {isa = PBXFileReference; lastKnownFileType = wrapper.framework; path = Parse.framework; sourceTree = "<group>"; };
		7A9F89BC1AAB14840095A439 /* ParseFacebookUtils.framework */ = {isa = PBXFileReference; lastKnownFileType = wrapper.framework; path = ParseFacebookUtils.framework; sourceTree = "<group>"; };
		7A9F89BE1AAB149A0095A439 /* FacebookSDK.framework */ = {isa = PBXFileReference; lastKnownFileType = wrapper.framework; path = FacebookSDK.framework; sourceTree = "<group>"; };
		7A9F89C01AAB18A90095A439 /* Accounts.framework */ = {isa = PBXFileReference; lastKnownFileType = wrapper.framework; name = Accounts.framework; path = System/Library/Frameworks/Accounts.framework; sourceTree = SDKROOT; };
		7A9F89C11AAB18A90095A439 /* AudioToolbox.framework */ = {isa = PBXFileReference; lastKnownFileType = wrapper.framework; name = AudioToolbox.framework; path = System/Library/Frameworks/AudioToolbox.framework; sourceTree = SDKROOT; };
		7A9F89C21AAB18A90095A439 /* CFNetwork.framework */ = {isa = PBXFileReference; lastKnownFileType = wrapper.framework; name = CFNetwork.framework; path = System/Library/Frameworks/CFNetwork.framework; sourceTree = SDKROOT; };
		7A9F89C31AAB18A90095A439 /* CoreGraphics.framework */ = {isa = PBXFileReference; lastKnownFileType = wrapper.framework; name = CoreGraphics.framework; path = System/Library/Frameworks/CoreGraphics.framework; sourceTree = SDKROOT; };
		7A9F89C41AAB18A90095A439 /* CoreLocation.framework */ = {isa = PBXFileReference; lastKnownFileType = wrapper.framework; name = CoreLocation.framework; path = System/Library/Frameworks/CoreLocation.framework; sourceTree = SDKROOT; };
		7A9F89C51AAB18A90095A439 /* libsqlite3.dylib */ = {isa = PBXFileReference; lastKnownFileType = "compiled.mach-o.dylib"; name = libsqlite3.dylib; path = usr/lib/libsqlite3.dylib; sourceTree = SDKROOT; };
		7A9F89C61AAB18A90095A439 /* libstdc++.6.dylib */ = {isa = PBXFileReference; lastKnownFileType = "compiled.mach-o.dylib"; name = "libstdc++.6.dylib"; path = "usr/lib/libstdc++.6.dylib"; sourceTree = SDKROOT; };
		7A9F89C71AAB18A90095A439 /* libz.dylib */ = {isa = PBXFileReference; lastKnownFileType = "compiled.mach-o.dylib"; name = libz.dylib; path = usr/lib/libz.dylib; sourceTree = SDKROOT; };
		7A9F89C81AAB18A90095A439 /* MobileCoreServices.framework */ = {isa = PBXFileReference; lastKnownFileType = wrapper.framework; name = MobileCoreServices.framework; path = System/Library/Frameworks/MobileCoreServices.framework; sourceTree = SDKROOT; };
		7A9F89C91AAB18A90095A439 /* QuartzCore.framework */ = {isa = PBXFileReference; lastKnownFileType = wrapper.framework; name = QuartzCore.framework; path = System/Library/Frameworks/QuartzCore.framework; sourceTree = SDKROOT; };
		7A9F89CA1AAB18A90095A439 /* Security.framework */ = {isa = PBXFileReference; lastKnownFileType = wrapper.framework; name = Security.framework; path = System/Library/Frameworks/Security.framework; sourceTree = SDKROOT; };
		7A9F89CB1AAB18A90095A439 /* Social.framework */ = {isa = PBXFileReference; lastKnownFileType = wrapper.framework; name = Social.framework; path = System/Library/Frameworks/Social.framework; sourceTree = SDKROOT; };
		7A9F89CC1AAB18A90095A439 /* StoreKit.framework */ = {isa = PBXFileReference; lastKnownFileType = wrapper.framework; name = StoreKit.framework; path = System/Library/Frameworks/StoreKit.framework; sourceTree = SDKROOT; };
		7A9F89CD1AAB18A90095A439 /* SystemConfiguration.framework */ = {isa = PBXFileReference; lastKnownFileType = wrapper.framework; name = SystemConfiguration.framework; path = System/Library/Frameworks/SystemConfiguration.framework; sourceTree = SDKROOT; };
		7A9F89DF1AAB196A0095A439 /* feedsViewController.h */ = {isa = PBXFileReference; fileEncoding = 4; lastKnownFileType = sourcecode.c.h; path = feedsViewController.h; sourceTree = "<group>"; };
		7A9F89E01AAB196A0095A439 /* feedsViewController.m */ = {isa = PBXFileReference; fileEncoding = 4; lastKnownFileType = sourcecode.c.objc; path = feedsViewController.m; sourceTree = "<group>"; };
		93D87297C3BA510B43BA234B /* Pods.release.xcconfig */ = {isa = PBXFileReference; includeInIndex = 1; lastKnownFileType = text.xcconfig; name = Pods.release.xcconfig; path = "Pods/Target Support Files/Pods/Pods.release.xcconfig"; sourceTree = "<group>"; };
		FD5A8202B7F5114CEEF8F68A /* libPods.a */ = {isa = PBXFileReference; explicitFileType = archive.ar; includeInIndex = 0; path = libPods.a; sourceTree = BUILT_PRODUCTS_DIR; };
/* End PBXFileReference section */

/* Begin PBXFrameworksBuildPhase section */
		7A9F89681AAB130B0095A439 /* Frameworks */ = {
			isa = PBXFrameworksBuildPhase;
			buildActionMask = 2147483647;
			files = (
				7A9F89CE1AAB18A90095A439 /* Accounts.framework in Frameworks */,
				7A9F89CF1AAB18A90095A439 /* AudioToolbox.framework in Frameworks */,
				7A9F89D01AAB18A90095A439 /* CFNetwork.framework in Frameworks */,
				7A9F89D11AAB18A90095A439 /* CoreGraphics.framework in Frameworks */,
				7A9F89D21AAB18A90095A439 /* CoreLocation.framework in Frameworks */,
				7A9F89D31AAB18A90095A439 /* libsqlite3.dylib in Frameworks */,
				7A9F89D41AAB18A90095A439 /* libstdc++.6.dylib in Frameworks */,
				7A9F89D51AAB18A90095A439 /* libz.dylib in Frameworks */,
				7A9F89D61AAB18A90095A439 /* MobileCoreServices.framework in Frameworks */,
				7A9F89D71AAB18A90095A439 /* QuartzCore.framework in Frameworks */,
				7A9F89D81AAB18A90095A439 /* Security.framework in Frameworks */,
				7A9F89D91AAB18A90095A439 /* Social.framework in Frameworks */,
				7A9F89DA1AAB18A90095A439 /* StoreKit.framework in Frameworks */,
				7A9F89DB1AAB18A90095A439 /* SystemConfiguration.framework in Frameworks */,
				7A9F89BB1AAB147E0095A439 /* Parse.framework in Frameworks */,
				7A9F89BF1AAB149A0095A439 /* FacebookSDK.framework in Frameworks */,
				7A9F89BD1AAB14840095A439 /* ParseFacebookUtils.framework in Frameworks */,
				8B7C8FFC3CA9B5687F17C21F /* libPods.a in Frameworks */,
			);
			runOnlyForDeploymentPostprocessing = 0;
		};
		7A9F89841AAB130C0095A439 /* Frameworks */ = {
			isa = PBXFrameworksBuildPhase;
			buildActionMask = 2147483647;
			files = (
			);
			runOnlyForDeploymentPostprocessing = 0;
		};
/* End PBXFrameworksBuildPhase section */

/* Begin PBXGroup section */
		6E0DE9D2841750E507728601 /* Frameworks */ = {
			isa = PBXGroup;
			children = (
				7A9F89C01AAB18A90095A439 /* Accounts.framework */,
				7A9F89C11AAB18A90095A439 /* AudioToolbox.framework */,
				7A9F89C21AAB18A90095A439 /* CFNetwork.framework */,
				7A9F89C31AAB18A90095A439 /* CoreGraphics.framework */,
				7A9F89C41AAB18A90095A439 /* CoreLocation.framework */,
				7A9F89C51AAB18A90095A439 /* libsqlite3.dylib */,
				7A9F89C61AAB18A90095A439 /* libstdc++.6.dylib */,
				7A9F89C71AAB18A90095A439 /* libz.dylib */,
				7A9F89C81AAB18A90095A439 /* MobileCoreServices.framework */,
				7A9F89C91AAB18A90095A439 /* QuartzCore.framework */,
				7A9F89CA1AAB18A90095A439 /* Security.framework */,
				7A9F89CB1AAB18A90095A439 /* Social.framework */,
				7A9F89CC1AAB18A90095A439 /* StoreKit.framework */,
				7A9F89CD1AAB18A90095A439 /* SystemConfiguration.framework */,
				FD5A8202B7F5114CEEF8F68A /* libPods.a */,
			);
			name = Frameworks;
			sourceTree = "<group>";
		};
		7A9F89621AAB130B0095A439 = {
			isa = PBXGroup;
			children = (
				7A9F89BE1AAB149A0095A439 /* FacebookSDK.framework */,
				7A9F89BC1AAB14840095A439 /* ParseFacebookUtils.framework */,
				7A9F89B91AAB147E0095A439 /* Parse.framework */,
				7A9F896D1AAB130B0095A439 /* learnHut */,
				7A9F898A1AAB130C0095A439 /* learnHutTests */,
				7A9F896C1AAB130B0095A439 /* Products */,
				DDCF2DEF3E79803240DFA203 /* Pods */,
				6E0DE9D2841750E507728601 /* Frameworks */,
			);
			sourceTree = "<group>";
		};
		7A9F896C1AAB130B0095A439 /* Products */ = {
			isa = PBXGroup;
			children = (
				7A9F896B1AAB130B0095A439 /* learnHut.app */,
				7A9F89871AAB130C0095A439 /* learnHutTests.xctest */,
			);
			name = Products;
			sourceTree = "<group>";
		};
		7A9F896D1AAB130B0095A439 /* learnHut */ = {
			isa = PBXGroup;
			children = (
				7A9F89DF1AAB196A0095A439 /* feedsViewController.h */,
				7A9F89E01AAB196A0095A439 /* feedsViewController.m */,
				7A9F89AB1AAB14590095A439 /* AppDelegate.m */,
				7A9F89AC1AAB14590095A439 /* loginViewController.h */,
				7A9F89AD1AAB14590095A439 /* loginViewController.m */,
				7A9F89AE1AAB14590095A439 /* profileViewController.h */,
				7A9F89AF1AAB14590095A439 /* profileViewController.m */,
				7A9F89B01AAB14590095A439 /* s.png */,
				7A9F89B11AAB14590095A439 /* signUpViewController.h */,
				7A9F89B21AAB14590095A439 /* signUpViewController.m */,
				7A9F89AA1AAB14460095A439 /* AppDelegate.h */,
				7A9F897B1AAB130B0095A439 /* Main.storyboard */,
				7A9F89A81AAB14020095A439 /* Podfile */,
				7A9F897E1AAB130C0095A439 /* Images.xcassets */,
				7A9F89801AAB130C0095A439 /* LaunchScreen.xib */,
				7A9F896E1AAB130B0095A439 /* Supporting Files */,
			);
			path = learnHut;
			sourceTree = "<group>";
		};
		7A9F896E1AAB130B0095A439 /* Supporting Files */ = {
			isa = PBXGroup;
			children = (
				7A9F896F1AAB130B0095A439 /* Info.plist */,
				7A9F89701AAB130B0095A439 /* main.m */,
			);
			name = "Supporting Files";
			sourceTree = "<group>";
		};
		7A9F898A1AAB130C0095A439 /* learnHutTests */ = {
			isa = PBXGroup;
			children = (
				7A9F898D1AAB130C0095A439 /* learnHutTests.m */,
				7A9F898B1AAB130C0095A439 /* Supporting Files */,
			);
			path = learnHutTests;
			sourceTree = "<group>";
		};
		7A9F898B1AAB130C0095A439 /* Supporting Files */ = {
			isa = PBXGroup;
			children = (
				7A9F898C1AAB130C0095A439 /* Info.plist */,
			);
			name = "Supporting Files";
			sourceTree = "<group>";
		};
		DDCF2DEF3E79803240DFA203 /* Pods */ = {
			isa = PBXGroup;
			children = (
				6168EBBB47FD70C6E60DC6C9 /* Pods.debug.xcconfig */,
				93D87297C3BA510B43BA234B /* Pods.release.xcconfig */,
			);
			name = Pods;
			sourceTree = "<group>";
		};
/* End PBXGroup section */

/* Begin PBXNativeTarget section */
		7A9F896A1AAB130B0095A439 /* learnHut */ = {
			isa = PBXNativeTarget;
			buildConfigurationList = 7A9F89911AAB130C0095A439 /* Build configuration list for PBXNativeTarget "learnHut" */;
			buildPhases = (
				2A7E8D425352D455DA28C4F8 /* Check Pods Manifest.lock */,
				7A9F89671AAB130B0095A439 /* Sources */,
				7A9F89681AAB130B0095A439 /* Frameworks */,
				7A9F89691AAB130B0095A439 /* Resources */,
				B99DB513D2B5D0C29CB5D9DA /* Copy Pods Resources */,
			);
			buildRules = (
			);
			dependencies = (
			);
			name = learnHut;
			productName = learnHut;
			productReference = 7A9F896B1AAB130B0095A439 /* learnHut.app */;
			productType = "com.apple.product-type.application";
		};
		7A9F89861AAB130C0095A439 /* learnHutTests */ = {
			isa = PBXNativeTarget;
			buildConfigurationList = 7A9F89941AAB130C0095A439 /* Build configuration list for PBXNativeTarget "learnHutTests" */;
			buildPhases = (
				7A9F89831AAB130C0095A439 /* Sources */,
				7A9F89841AAB130C0095A439 /* Frameworks */,
				7A9F89851AAB130C0095A439 /* Resources */,
			);
			buildRules = (
			);
			dependencies = (
				7A9F89891AAB130C0095A439 /* PBXTargetDependency */,
			);
			name = learnHutTests;
			productName = learnHutTests;
			productReference = 7A9F89871AAB130C0095A439 /* learnHutTests.xctest */;
			productType = "com.apple.product-type.bundle.unit-test";
		};
/* End PBXNativeTarget section */

/* Begin PBXProject section */
		7A9F89631AAB130B0095A439 /* Project object */ = {
			isa = PBXProject;
			attributes = {
				LastUpgradeCheck = 0610;
				ORGANIZATIONNAME = TeamOSC;
				TargetAttributes = {
					7A9F896A1AAB130B0095A439 = {
						CreatedOnToolsVersion = 6.1.1;
					};
					7A9F89861AAB130C0095A439 = {
						CreatedOnToolsVersion = 6.1.1;
						TestTargetID = 7A9F896A1AAB130B0095A439;
					};
				};
			};
			buildConfigurationList = 7A9F89661AAB130B0095A439 /* Build configuration list for PBXProject "learnHut" */;
			compatibilityVersion = "Xcode 3.2";
			developmentRegion = English;
			hasScannedForEncodings = 0;
			knownRegions = (
				en,
				Base,
			);
			mainGroup = 7A9F89621AAB130B0095A439;
			productRefGroup = 7A9F896C1AAB130B0095A439 /* Products */;
			projectDirPath = "";
			projectRoot = "";
			targets = (
				7A9F896A1AAB130B0095A439 /* learnHut */,
				7A9F89861AAB130C0095A439 /* learnHutTests */,
			);
		};
/* End PBXProject section */

/* Begin PBXResourcesBuildPhase section */
		7A9F89691AAB130B0095A439 /* Resources */ = {
			isa = PBXResourcesBuildPhase;
			buildActionMask = 2147483647;
			files = (
				7A9F89A91AAB14020095A439 /* Podfile in Resources */,
				7A9F897D1AAB130B0095A439 /* Main.storyboard in Resources */,
				7A9F89B61AAB14590095A439 /* s.png in Resources */,
				7A9F89821AAB130C0095A439 /* LaunchScreen.xib in Resources */,
				7A9F897F1AAB130C0095A439 /* Images.xcassets in Resources */,
			);
			runOnlyForDeploymentPostprocessing = 0;
		};
		7A9F89851AAB130C0095A439 /* Resources */ = {
			isa = PBXResourcesBuildPhase;
			buildActionMask = 2147483647;
			files = (
			);
			runOnlyForDeploymentPostprocessing = 0;
		};
/* End PBXResourcesBuildPhase section */

/* Begin PBXShellScriptBuildPhase section */
		2A7E8D425352D455DA28C4F8 /* Check Pods Manifest.lock */ = {
			isa = PBXShellScriptBuildPhase;
			buildActionMask = 2147483647;
			files = (
			);
			inputPaths = (
			);
			name = "Check Pods Manifest.lock";
			outputPaths = (
			);
			runOnlyForDeploymentPostprocessing = 0;
			shellPath = /bin/sh;
			shellScript = "diff \"${PODS_ROOT}/../Podfile.lock\" \"${PODS_ROOT}/Manifest.lock\" > /dev/null\nif [[ $? != 0 ]] ; then\n    cat << EOM\nerror: The sandbox is not in sync with the Podfile.lock. Run 'pod install' or update your CocoaPods installation.\nEOM\n    exit 1\nfi\n";
			showEnvVarsInLog = 0;
		};
		B99DB513D2B5D0C29CB5D9DA /* Copy Pods Resources */ = {
			isa = PBXShellScriptBuildPhase;
			buildActionMask = 2147483647;
			files = (
			);
			inputPaths = (
			);
			name = "Copy Pods Resources";
			outputPaths = (
			);
			runOnlyForDeploymentPostprocessing = 0;
			shellPath = /bin/sh;
			shellScript = "\"${SRCROOT}/Pods/Target Support Files/Pods/Pods-resources.sh\"\n";
			showEnvVarsInLog = 0;
		};
/* End PBXShellScriptBuildPhase section */

/* Begin PBXSourcesBuildPhase section */
		7A9F89671AAB130B0095A439 /* Sources */ = {
			isa = PBXSourcesBuildPhase;
			buildActionMask = 2147483647;
			files = (
				7A9F89B71AAB14590095A439 /* signUpViewController.m in Sources */,
				7A9F89B31AAB14590095A439 /* AppDelegate.m in Sources */,
				7A9F89B41AAB14590095A439 /* loginViewController.m in Sources */,
				7A9F89B51AAB14590095A439 /* profileViewController.m in Sources */,
				7A9F89E11AAB196A0095A439 /* feedsViewController.m in Sources */,
				7A9F89711AAB130B0095A439 /* main.m in Sources */,
			);
			runOnlyForDeploymentPostprocessing = 0;
		};
		7A9F89831AAB130C0095A439 /* Sources */ = {
			isa = PBXSourcesBuildPhase;
			buildActionMask = 2147483647;
			files = (
				7A9F898E1AAB130C0095A439 /* learnHutTests.m in Sources */,
			);
			runOnlyForDeploymentPostprocessing = 0;
		};
/* End PBXSourcesBuildPhase section */

/* Begin PBXTargetDependency section */
		7A9F89891AAB130C0095A439 /* PBXTargetDependency */ = {
			isa = PBXTargetDependency;
			target = 7A9F896A1AAB130B0095A439 /* learnHut */;
			targetProxy = 7A9F89881AAB130C0095A439 /* PBXContainerItemProxy */;
		};
/* End PBXTargetDependency section */

/* Begin PBXVariantGroup section */
		7A9F897B1AAB130B0095A439 /* Main.storyboard */ = {
			isa = PBXVariantGroup;
			children = (
				7A9F897C1AAB130B0095A439 /* Base */,
			);
			name = Main.storyboard;
			sourceTree = "<group>";
		};
		7A9F89801AAB130C0095A439 /* LaunchScreen.xib */ = {
			isa = PBXVariantGroup;
			children = (
				7A9F89811AAB130C0095A439 /* Base */,
			);
			name = LaunchScreen.xib;
			sourceTree = "<group>";
		};
/* End PBXVariantGroup section */

/* Begin XCBuildConfiguration section */
		7A9F898F1AAB130C0095A439 /* Debug */ = {
			isa = XCBuildConfiguration;
			buildSettings = {
				ALWAYS_SEARCH_USER_PATHS = NO;
				CLANG_CXX_LANGUAGE_STANDARD = "gnu++0x";
				CLANG_CXX_LIBRARY = "libc++";
				CLANG_ENABLE_MODULES = YES;
				CLANG_ENABLE_OBJC_ARC = YES;
				CLANG_WARN_BOOL_CONVERSION = YES;
				CLANG_WARN_CONSTANT_CONVERSION = YES;
				CLANG_WARN_DIRECT_OBJC_ISA_USAGE = YES_ERROR;
				CLANG_WARN_EMPTY_BODY = YES;
				CLANG_WARN_ENUM_CONVERSION = YES;
				CLANG_WARN_INT_CONVERSION = YES;
				CLANG_WARN_OBJC_ROOT_CLASS = YES_ERROR;
				CLANG_WARN_UNREACHABLE_CODE = YES;
				CLANG_WARN__DUPLICATE_METHOD_MATCH = YES;
				"CODE_SIGN_IDENTITY[sdk=iphoneos*]" = "iPhone Developer";
				COPY_PHASE_STRIP = NO;
				ENABLE_STRICT_OBJC_MSGSEND = YES;
				GCC_C_LANGUAGE_STANDARD = gnu99;
				GCC_DYNAMIC_NO_PIC = NO;
				GCC_OPTIMIZATION_LEVEL = 0;
				GCC_PREPROCESSOR_DEFINITIONS = (
					"DEBUG=1",
					"$(inherited)",
				);
				GCC_SYMBOLS_PRIVATE_EXTERN = NO;
				GCC_WARN_64_TO_32_BIT_CONVERSION = YES;
				GCC_WARN_ABOUT_RETURN_TYPE = YES_ERROR;
				GCC_WARN_UNDECLARED_SELECTOR = YES;
				GCC_WARN_UNINITIALIZED_AUTOS = YES_AGGRESSIVE;
				GCC_WARN_UNUSED_FUNCTION = YES;
				GCC_WARN_UNUSED_VARIABLE = YES;
				IPHONEOS_DEPLOYMENT_TARGET = 8.1;
				MTL_ENABLE_DEBUG_INFO = YES;
				ONLY_ACTIVE_ARCH = YES;
				SDKROOT = iphoneos;
			};
			name = Debug;
		};
		7A9F89901AAB130C0095A439 /* Release */ = {
			isa = XCBuildConfiguration;
			buildSettings = {
				ALWAYS_SEARCH_USER_PATHS = NO;
				CLANG_CXX_LANGUAGE_STANDARD = "gnu++0x";
				CLANG_CXX_LIBRARY = "libc++";
				CLANG_ENABLE_MODULES = YES;
				CLANG_ENABLE_OBJC_ARC = YES;
				CLANG_WARN_BOOL_CONVERSION = YES;
				CLANG_WARN_CONSTANT_CONVERSION = YES;
				CLANG_WARN_DIRECT_OBJC_ISA_USAGE = YES_ERROR;
				CLANG_WARN_EMPTY_BODY = YES;
				CLANG_WARN_ENUM_CONVERSION = YES;
				CLANG_WARN_INT_CONVERSION = YES;
				CLANG_WARN_OBJC_ROOT_CLASS = YES_ERROR;
				CLANG_WARN_UNREACHABLE_CODE = YES;
				CLANG_WARN__DUPLICATE_METHOD_MATCH = YES;
				"CODE_SIGN_IDENTITY[sdk=iphoneos*]" = "iPhone Developer";
				COPY_PHASE_STRIP = YES;
				ENABLE_NS_ASSERTIONS = NO;
				ENABLE_STRICT_OBJC_MSGSEND = YES;
				GCC_C_LANGUAGE_STANDARD = gnu99;
				GCC_WARN_64_TO_32_BIT_CONVERSION = YES;
				GCC_WARN_ABOUT_RETURN_TYPE = YES_ERROR;
				GCC_WARN_UNDECLARED_SELECTOR = YES;
				GCC_WARN_UNINITIALIZED_AUTOS = YES_AGGRESSIVE;
				GCC_WARN_UNUSED_FUNCTION = YES;
				GCC_WARN_UNUSED_VARIABLE = YES;
				IPHONEOS_DEPLOYMENT_TARGET = 8.1;
				MTL_ENABLE_DEBUG_INFO = NO;
				SDKROOT = iphoneos;
				VALIDATE_PRODUCT = YES;
			};
			name = Release;
		};
		7A9F89921AAB130C0095A439 /* Debug */ = {
			isa = XCBuildConfiguration;
			baseConfigurationReference = 6168EBBB47FD70C6E60DC6C9 /* Pods.debug.xcconfig */;
			buildSettings = {
				ASSETCATALOG_COMPILER_APPICON_NAME = AppIcon;
				FRAMEWORK_SEARCH_PATHS = (
					"$(inherited)",
					"$(PROJECT_DIR)",
				);
				INFOPLIST_FILE = learnHut/Info.plist;
				LD_RUNPATH_SEARCH_PATHS = "$(inherited) @executable_path/Frameworks";
				PRODUCT_NAME = "$(TARGET_NAME)";
			};
			name = Debug;
		};
		7A9F89931AAB130C0095A439 /* Release */ = {
			isa = XCBuildConfiguration;
			baseConfigurationReference = 93D87297C3BA510B43BA234B /* Pods.release.xcconfig */;
			buildSettings = {
				ASSETCATALOG_COMPILER_APPICON_NAME = AppIcon;
				FRAMEWORK_SEARCH_PATHS = (
					"$(inherited)",
					"$(PROJECT_DIR)",
				);
				INFOPLIST_FILE = learnHut/Info.plist;
				LD_RUNPATH_SEARCH_PATHS = "$(inherited) @executable_path/Frameworks";
				PRODUCT_NAME = "$(TARGET_NAME)";
			};
			name = Release;
		};
		7A9F89951AAB130C0095A439 /* Debug */ = {
			isa = XCBuildConfiguration;
			buildSettings = {
				BUNDLE_LOADER = "$(TEST_HOST)";
				FRAMEWORK_SEARCH_PATHS = (
					"$(SDKROOT)/Developer/Library/Frameworks",
					"$(inherited)",
				);
				GCC_PREPROCESSOR_DEFINITIONS = (
					"DEBUG=1",
					"$(inherited)",
				);
				INFOPLIST_FILE = learnHutTests/Info.plist;
				LD_RUNPATH_SEARCH_PATHS = "$(inherited) @executable_path/Frameworks @loader_path/Frameworks";
				PRODUCT_NAME = "$(TARGET_NAME)";
				TEST_HOST = "$(BUILT_PRODUCTS_DIR)/learnHut.app/learnHut";
			};
			name = Debug;
		};
		7A9F89961AAB130C0095A439 /* Release */ = {
			isa = XCBuildConfiguration;
			buildSettings = {
				BUNDLE_LOADER = "$(TEST_HOST)";
				FRAMEWORK_SEARCH_PATHS = (
					"$(SDKROOT)/Developer/Library/Frameworks",
					"$(inherited)",
				);
				INFOPLIST_FILE = learnHutTests/Info.plist;
				LD_RUNPATH_SEARCH_PATHS = "$(inherited) @executable_path/Frameworks @loader_path/Frameworks";
				PRODUCT_NAME = "$(TARGET_NAME)";
				TEST_HOST = "$(BUILT_PRODUCTS_DIR)/learnHut.app/learnHut";
			};
			name = Release;
		};
/* End XCBuildConfiguration section */

/* Begin XCConfigurationList section */
		7A9F89661AAB130B0095A439 /* Build configuration list for PBXProject "learnHut" */ = {
			isa = XCConfigurationList;
			buildConfigurations = (
				7A9F898F1AAB130C0095A439 /* Debug */,
				7A9F89901AAB130C0095A439 /* Release */,
			);
			defaultConfigurationIsVisible = 0;
			defaultConfigurationName = Release;
		};
		7A9F89911AAB130C0095A439 /* Build configuration list for PBXNativeTarget "learnHut" */ = {
			isa = XCConfigurationList;
			buildConfigurations = (
				7A9F89921AAB130C0095A439 /* Debug */,
				7A9F89931AAB130C0095A439 /* Release */,
			);
			defaultConfigurationIsVisible = 0;
			defaultConfigurationName = Release;
		};
		7A9F89941AAB130C0095A439 /* Build configuration list for PBXNativeTarget "learnHutTests" */ = {
			isa = XCConfigurationList;
			buildConfigurations = (
				7A9F89951AAB130C0095A439 /* Debug */,
				7A9F89961AAB130C0095A439 /* Release */,
			);
			defaultConfigurationIsVisible = 0;
			defaultConfigurationName = Release;
		};
/* End XCConfigurationList section */
	};
	rootObject = 7A9F89631AAB130B0095A439 /* Project object */;
}
